// !$*UTF8*$!
{
	archiveVersion = 1;
	classes = {
	};
	objectVersion = 56;
	objects = {

/* Begin PBXBuildFile section */
		60132E9B2CA73F7700E49425 /* SoundPlayer.swift in Sources */ = {isa = PBXBuildFile; fileRef = 60132E9A2CA73F7500E49425 /* SoundPlayer.swift */; };
		60132EA02CA73FCC00E49425 /* sound-ding.mp3 in Resources */ = {isa = PBXBuildFile; fileRef = 60132E9C2CA73FCC00E49425 /* sound-ding.mp3 */; };
		60132EA12CA73FCC00E49425 /* sound-rise.mp3 in Resources */ = {isa = PBXBuildFile; fileRef = 60132E9D2CA73FCC00E49425 /* sound-rise.mp3 */; };
		60132EA22CA73FCC00E49425 /* sound-tap.mp3 in Resources */ = {isa = PBXBuildFile; fileRef = 60132E9E2CA73FCC00E49425 /* sound-tap.mp3 */; };
		6014222F2CA637F40043AB0B /* words.json in Resources */ = {isa = PBXBuildFile; fileRef = 6014222E2CA637F40043AB0B /* words.json */; };
		601422312CA638490043AB0B /* WordGame.swift in Sources */ = {isa = PBXBuildFile; fileRef = 601422302CA638490043AB0B /* WordGame.swift */; };
		604E34042C6BDE82002E5796 /* DivisionGame.swift in Sources */ = {isa = PBXBuildFile; fileRef = 604E34032C6BDE82002E5796 /* DivisionGame.swift */; };
		604E34062C6BEF88002E5796 /* AppSwitcher.swift in Sources */ = {isa = PBXBuildFile; fileRef = 604E34052C6BEF88002E5796 /* AppSwitcher.swift */; };
		605721CC2C28F075002A102D /* Multiplication_TestApp.swift in Sources */ = {isa = PBXBuildFile; fileRef = 605721CB2C28F075002A102D /* Multiplication_TestApp.swift */; };
		605721CE2C28F075002A102D /* MultiplicationGame.swift in Sources */ = {isa = PBXBuildFile; fileRef = 605721CD2C28F075002A102D /* MultiplicationGame.swift */; };
		605721D02C28F077002A102D /* Assets.xcassets in Resources */ = {isa = PBXBuildFile; fileRef = 605721CF2C28F077002A102D /* Assets.xcassets */; };
		605721D32C28F077002A102D /* Preview Assets.xcassets in Resources */ = {isa = PBXBuildFile; fileRef = 605721D22C28F077002A102D /* Preview Assets.xcassets */; };
		6063E8952CF16AC100ACB2B1 /* GoogleService-Info.plist in Resources */ = {isa = PBXBuildFile; fileRef = 6063E8942CF16AC100ACB2B1 /* GoogleService-Info.plist */; };
		6063E8982CF16B0200ACB2B1 /* FirebaseAnalytics in Frameworks */ = {isa = PBXBuildFile; productRef = 6063E8972CF16B0200ACB2B1 /* FirebaseAnalytics */; };
		6087305A2CA8A65F00DA105F /* KeyFunctions.swift in Sources */ = {isa = PBXBuildFile; fileRef = 608730592CA8A65F00DA105F /* KeyFunctions.swift */; };
		60BD86FD2CF16F5200084BFC /* FirebaseDatabase in Frameworks */ = {isa = PBXBuildFile; productRef = 60BD86FC2CF16F5200084BFC /* FirebaseDatabase */; };
		60BD87302CF170B700084BFC /* FirebaseDatabase in Frameworks */ = {isa = PBXBuildFile; productRef = 60BD872F2CF170B700084BFC /* FirebaseDatabase */; };
		60BD87322CF170B700084BFC /* FirebaseFirestore in Frameworks */ = {isa = PBXBuildFile; productRef = 60BD87312CF170B700084BFC /* FirebaseFirestore */; };
		60BD87342CF1856500084BFC /* SettingsView.swift in Sources */ = {isa = PBXBuildFile; fileRef = 60BD87332CF1856500084BFC /* SettingsView.swift */; };
		60BD87362CF18F2300084BFC /* LeaderboardViewModel.swift in Sources */ = {isa = PBXBuildFile; fileRef = 60BD87352CF18F2300084BFC /* LeaderboardViewModel.swift */; };
		60BD87382CF27E7200084BFC /* GameCenterManager.swift in Sources */ = {isa = PBXBuildFile; fileRef = 60BD87372CF27E7200084BFC /* GameCenterManager.swift */; };
		60BD873B2CF2A4E000084BFC /* Onboarding.swift in Sources */ = {isa = PBXBuildFile; fileRef = 60BD873A2CF2A4E000084BFC /* Onboarding.swift */; };
/* End PBXBuildFile section */

/* Begin PBXFileReference section */
		60132E9A2CA73F7500E49425 /* SoundPlayer.swift */ = {isa = PBXFileReference; lastKnownFileType = sourcecode.swift; path = SoundPlayer.swift; sourceTree = "<group>"; };
		60132E9C2CA73FCC00E49425 /* sound-ding.mp3 */ = {isa = PBXFileReference; lastKnownFileType = audio.mp3; path = "sound-ding.mp3"; sourceTree = "<group>"; };
		60132E9D2CA73FCC00E49425 /* sound-rise.mp3 */ = {isa = PBXFileReference; lastKnownFileType = audio.mp3; path = "sound-rise.mp3"; sourceTree = "<group>"; };
		60132E9E2CA73FCC00E49425 /* sound-tap.mp3 */ = {isa = PBXFileReference; lastKnownFileType = audio.mp3; path = "sound-tap.mp3"; sourceTree = "<group>"; };
		6014222E2CA637F40043AB0B /* words.json */ = {isa = PBXFileReference; lastKnownFileType = text.json; path = words.json; sourceTree = "<group>"; };
		601422302CA638490043AB0B /* WordGame.swift */ = {isa = PBXFileReference; lastKnownFileType = sourcecode.swift; path = WordGame.swift; sourceTree = "<group>"; };
		6041D4FF2CB37EFE00D7BBED /* Multiplication Test.entitlements */ = {isa = PBXFileReference; lastKnownFileType = text.plist.entitlements; path = "Multiplication Test.entitlements"; sourceTree = "<group>"; };
		604E34032C6BDE82002E5796 /* DivisionGame.swift */ = {isa = PBXFileReference; lastKnownFileType = sourcecode.swift; path = DivisionGame.swift; sourceTree = "<group>"; };
		604E34052C6BEF88002E5796 /* AppSwitcher.swift */ = {isa = PBXFileReference; lastKnownFileType = sourcecode.swift; path = AppSwitcher.swift; sourceTree = "<group>"; };
		605721C82C28F075002A102D /* QuickQuiz.app */ = {isa = PBXFileReference; explicitFileType = wrapper.application; includeInIndex = 0; path = QuickQuiz.app; sourceTree = BUILT_PRODUCTS_DIR; };
		605721CB2C28F075002A102D /* Multiplication_TestApp.swift */ = {isa = PBXFileReference; lastKnownFileType = sourcecode.swift; path = Multiplication_TestApp.swift; sourceTree = "<group>"; };
		605721CD2C28F075002A102D /* MultiplicationGame.swift */ = {isa = PBXFileReference; lastKnownFileType = sourcecode.swift; path = MultiplicationGame.swift; sourceTree = "<group>"; };
		605721CF2C28F077002A102D /* Assets.xcassets */ = {isa = PBXFileReference; lastKnownFileType = folder.assetcatalog; path = Assets.xcassets; sourceTree = "<group>"; };
		605721D22C28F077002A102D /* Preview Assets.xcassets */ = {isa = PBXFileReference; lastKnownFileType = folder.assetcatalog; path = "Preview Assets.xcassets"; sourceTree = "<group>"; };
		6063E8942CF16AC100ACB2B1 /* GoogleService-Info.plist */ = {isa = PBXFileReference; lastKnownFileType = text.plist.xml; path = "GoogleService-Info.plist"; sourceTree = "<group>"; };
		608730592CA8A65F00DA105F /* KeyFunctions.swift */ = {isa = PBXFileReference; lastKnownFileType = sourcecode.swift; path = KeyFunctions.swift; sourceTree = "<group>"; };
		60BD87332CF1856500084BFC /* SettingsView.swift */ = {isa = PBXFileReference; lastKnownFileType = sourcecode.swift; path = SettingsView.swift; sourceTree = "<group>"; };
		60BD87352CF18F2300084BFC /* LeaderboardViewModel.swift */ = {isa = PBXFileReference; lastKnownFileType = sourcecode.swift; path = LeaderboardViewModel.swift; sourceTree = "<group>"; };
		60BD87372CF27E7200084BFC /* GameCenterManager.swift */ = {isa = PBXFileReference; lastKnownFileType = sourcecode.swift; path = GameCenterManager.swift; sourceTree = "<group>"; };
		60BD873A2CF2A4E000084BFC /* Onboarding.swift */ = {isa = PBXFileReference; lastKnownFileType = sourcecode.swift; path = Onboarding.swift; sourceTree = "<group>"; };
/* End PBXFileReference section */

/* Begin PBXFrameworksBuildPhase section */
		605721C52C28F075002A102D /* Frameworks */ = {
			isa = PBXFrameworksBuildPhase;
			buildActionMask = 2147483647;
			files = (
				60BD87302CF170B700084BFC /* FirebaseDatabase in Frameworks */,
				60BD87322CF170B700084BFC /* FirebaseFirestore in Frameworks */,
				60BD86FD2CF16F5200084BFC /* FirebaseDatabase in Frameworks */,
				6063E8982CF16B0200ACB2B1 /* FirebaseAnalytics in Frameworks */,
			);
			runOnlyForDeploymentPostprocessing = 0;
		};
/* End PBXFrameworksBuildPhase section */

/* Begin PBXGroup section */
		60132E9F2CA73FCC00E49425 /* Sound */ = {
			isa = PBXGroup;
			children = (
				60132E9C2CA73FCC00E49425 /* sound-ding.mp3 */,
				60132E9D2CA73FCC00E49425 /* sound-rise.mp3 */,
				60132E9E2CA73FCC00E49425 /* sound-tap.mp3 */,
			);
			path = Sound;
			sourceTree = "<group>";
		};
		605721BF2C28F075002A102D = {
			isa = PBXGroup;
			children = (
				605721CA2C28F075002A102D /* Multiplication Test */,
				605721C92C28F075002A102D /* Products */,
			);
			sourceTree = "<group>";
		};
		605721C92C28F075002A102D /* Products */ = {
			isa = PBXGroup;
			children = (
				605721C82C28F075002A102D /* QuickQuiz.app */,
			);
			name = Products;
			sourceTree = "<group>";
		};
		605721CA2C28F075002A102D /* Multiplication Test */ = {
			isa = PBXGroup;
			children = (
				6041D4FF2CB37EFE00D7BBED /* Multiplication Test.entitlements */,
				605721CB2C28F075002A102D /* Multiplication_TestApp.swift */,
				605721CD2C28F075002A102D /* MultiplicationGame.swift */,
				601422302CA638490043AB0B /* WordGame.swift */,
				604E34032C6BDE82002E5796 /* DivisionGame.swift */,
				60BD87332CF1856500084BFC /* SettingsView.swift */,
				60BD873A2CF2A4E000084BFC /* Onboarding.swift */,
				60BD87392CF296FD00084BFC /* Extension */,
				6063E8942CF16AC100ACB2B1 /* GoogleService-Info.plist */,
				604E34052C6BEF88002E5796 /* AppSwitcher.swift */,
				60132E9F2CA73FCC00E49425 /* Sound */,
				6014222E2CA637F40043AB0B /* words.json */,
				605721CF2C28F077002A102D /* Assets.xcassets */,
				605721D12C28F077002A102D /* Preview Content */,
			);
			path = "Multiplication Test";
			sourceTree = "<group>";
		};
		605721D12C28F077002A102D /* Preview Content */ = {
			isa = PBXGroup;
			children = (
				605721D22C28F077002A102D /* Preview Assets.xcassets */,
			);
			path = "Preview Content";
			sourceTree = "<group>";
		};
		60BD87392CF296FD00084BFC /* Extension */ = {
			isa = PBXGroup;
			children = (
				60BD87352CF18F2300084BFC /* LeaderboardViewModel.swift */,
				60BD87372CF27E7200084BFC /* GameCenterManager.swift */,
				608730592CA8A65F00DA105F /* KeyFunctions.swift */,
				60132E9A2CA73F7500E49425 /* SoundPlayer.swift */,
			);
			path = Extension;
			sourceTree = "<group>";
		};
/* End PBXGroup section */

/* Begin PBXNativeTarget section */
		605721C72C28F075002A102D /* QuickQuiz */ = {
			isa = PBXNativeTarget;
			buildConfigurationList = 605721D62C28F077002A102D /* Build configuration list for PBXNativeTarget "QuickQuiz" */;
			buildPhases = (
				605721C42C28F075002A102D /* Sources */,
				605721C52C28F075002A102D /* Frameworks */,
				605721C62C28F075002A102D /* Resources */,
			);
			buildRules = (
			);
			dependencies = (
			);
			name = QuickQuiz;
			productName = "Multiplication Test";
			productReference = 605721C82C28F075002A102D /* QuickQuiz.app */;
			productType = "com.apple.product-type.application";
		};
/* End PBXNativeTarget section */

/* Begin PBXProject section */
		605721C02C28F075002A102D /* Project object */ = {
			isa = PBXProject;
			attributes = {
				BuildIndependentTargetsInParallel = 1;
				LastSwiftUpdateCheck = 1540;
				LastUpgradeCheck = 1540;
				TargetAttributes = {
					605721C72C28F075002A102D = {
						CreatedOnToolsVersion = 15.4;
					};
				};
			};
			buildConfigurationList = 605721C32C28F075002A102D /* Build configuration list for PBXProject "Multiplication Test" */;
			compatibilityVersion = "Xcode 14.0";
			developmentRegion = en;
			hasScannedForEncodings = 0;
			knownRegions = (
				en,
				Base,
			);
			mainGroup = 605721BF2C28F075002A102D;
			packageReferences = (
				6063E8962CF16B0200ACB2B1 /* XCRemoteSwiftPackageReference "firebase-ios-sdk" */,
			);
			productRefGroup = 605721C92C28F075002A102D /* Products */;
			projectDirPath = "";
			projectRoot = "";
			targets = (
				605721C72C28F075002A102D /* QuickQuiz */,
			);
		};
/* End PBXProject section */

/* Begin PBXResourcesBuildPhase section */
		605721C62C28F075002A102D /* Resources */ = {
			isa = PBXResourcesBuildPhase;
			buildActionMask = 2147483647;
			files = (
				6014222F2CA637F40043AB0B /* words.json in Resources */,
				605721D32C28F077002A102D /* Preview Assets.xcassets in Resources */,
				605721D02C28F077002A102D /* Assets.xcassets in Resources */,
				60132EA02CA73FCC00E49425 /* sound-ding.mp3 in Resources */,
				60132EA12CA73FCC00E49425 /* sound-rise.mp3 in Resources */,
				6063E8952CF16AC100ACB2B1 /* GoogleService-Info.plist in Resources */,
				60132EA22CA73FCC00E49425 /* sound-tap.mp3 in Resources */,
			);
			runOnlyForDeploymentPostprocessing = 0;
		};
/* End PBXResourcesBuildPhase section */

/* Begin PBXSourcesBuildPhase section */
		605721C42C28F075002A102D /* Sources */ = {
			isa = PBXSourcesBuildPhase;
			buildActionMask = 2147483647;
			files = (
				60BD87362CF18F2300084BFC /* LeaderboardViewModel.swift in Sources */,
				60BD87342CF1856500084BFC /* SettingsView.swift in Sources */,
				60132E9B2CA73F7700E49425 /* SoundPlayer.swift in Sources */,
				605721CE2C28F075002A102D /* MultiplicationGame.swift in Sources */,
				605721CC2C28F075002A102D /* Multiplication_TestApp.swift in Sources */,
				60BD873B2CF2A4E000084BFC /* Onboarding.swift in Sources */,
				604E34062C6BEF88002E5796 /* AppSwitcher.swift in Sources */,
				604E34042C6BDE82002E5796 /* DivisionGame.swift in Sources */,
				6087305A2CA8A65F00DA105F /* KeyFunctions.swift in Sources */,
				60BD87382CF27E7200084BFC /* GameCenterManager.swift in Sources */,
				601422312CA638490043AB0B /* WordGame.swift in Sources */,
			);
			runOnlyForDeploymentPostprocessing = 0;
		};
/* End PBXSourcesBuildPhase section */

/* Begin XCBuildConfiguration section */
		605721D42C28F077002A102D /* Debug */ = {
			isa = XCBuildConfiguration;
			buildSettings = {
				ALWAYS_SEARCH_USER_PATHS = NO;
				ASSETCATALOG_COMPILER_GENERATE_SWIFT_ASSET_SYMBOL_EXTENSIONS = YES;
				CLANG_ANALYZER_NONNULL = YES;
				CLANG_ANALYZER_NUMBER_OBJECT_CONVERSION = YES_AGGRESSIVE;
				CLANG_CXX_LANGUAGE_STANDARD = "gnu++20";
				CLANG_ENABLE_MODULES = YES;
				CLANG_ENABLE_OBJC_ARC = YES;
				CLANG_ENABLE_OBJC_WEAK = YES;
				CLANG_WARN_BLOCK_CAPTURE_AUTORELEASING = YES;
				CLANG_WARN_BOOL_CONVERSION = YES;
				CLANG_WARN_COMMA = YES;
				CLANG_WARN_CONSTANT_CONVERSION = YES;
				CLANG_WARN_DEPRECATED_OBJC_IMPLEMENTATIONS = YES;
				CLANG_WARN_DIRECT_OBJC_ISA_USAGE = YES_ERROR;
				CLANG_WARN_DOCUMENTATION_COMMENTS = YES;
				CLANG_WARN_EMPTY_BODY = YES;
				CLANG_WARN_ENUM_CONVERSION = YES;
				CLANG_WARN_INFINITE_RECURSION = YES;
				CLANG_WARN_INT_CONVERSION = YES;
				CLANG_WARN_NON_LITERAL_NULL_CONVERSION = YES;
				CLANG_WARN_OBJC_IMPLICIT_RETAIN_SELF = YES;
				CLANG_WARN_OBJC_LITERAL_CONVERSION = YES;
				CLANG_WARN_OBJC_ROOT_CLASS = YES_ERROR;
				CLANG_WARN_QUOTED_INCLUDE_IN_FRAMEWORK_HEADER = YES;
				CLANG_WARN_RANGE_LOOP_ANALYSIS = YES;
				CLANG_WARN_STRICT_PROTOTYPES = YES;
				CLANG_WARN_SUSPICIOUS_MOVE = YES;
				CLANG_WARN_UNGUARDED_AVAILABILITY = YES_AGGRESSIVE;
				CLANG_WARN_UNREACHABLE_CODE = YES;
				CLANG_WARN__DUPLICATE_METHOD_MATCH = YES;
				COPY_PHASE_STRIP = NO;
				DEBUG_INFORMATION_FORMAT = dwarf;
				ENABLE_STRICT_OBJC_MSGSEND = YES;
				ENABLE_TESTABILITY = YES;
				ENABLE_USER_SCRIPT_SANDBOXING = YES;
				GCC_C_LANGUAGE_STANDARD = gnu17;
				GCC_DYNAMIC_NO_PIC = NO;
				GCC_NO_COMMON_BLOCKS = YES;
				GCC_OPTIMIZATION_LEVEL = 0;
				GCC_PREPROCESSOR_DEFINITIONS = (
					"DEBUG=1",
					"$(inherited)",
				);
				GCC_WARN_64_TO_32_BIT_CONVERSION = YES;
				GCC_WARN_ABOUT_RETURN_TYPE = YES_ERROR;
				GCC_WARN_UNDECLARED_SELECTOR = YES;
				GCC_WARN_UNINITIALIZED_AUTOS = YES_AGGRESSIVE;
				GCC_WARN_UNUSED_FUNCTION = YES;
				GCC_WARN_UNUSED_VARIABLE = YES;
				IPHONEOS_DEPLOYMENT_TARGET = 17.5;
				LOCALIZATION_PREFERS_STRING_CATALOGS = YES;
				MTL_ENABLE_DEBUG_INFO = INCLUDE_SOURCE;
				MTL_FAST_MATH = YES;
				ONLY_ACTIVE_ARCH = YES;
				SDKROOT = iphoneos;
				SWIFT_ACTIVE_COMPILATION_CONDITIONS = "DEBUG $(inherited)";
				SWIFT_OPTIMIZATION_LEVEL = "-Onone";
			};
			name = Debug;
		};
		605721D52C28F077002A102D /* Release */ = {
			isa = XCBuildConfiguration;
			buildSettings = {
				ALWAYS_SEARCH_USER_PATHS = NO;
				ASSETCATALOG_COMPILER_GENERATE_SWIFT_ASSET_SYMBOL_EXTENSIONS = YES;
				CLANG_ANALYZER_NONNULL = YES;
				CLANG_ANALYZER_NUMBER_OBJECT_CONVERSION = YES_AGGRESSIVE;
				CLANG_CXX_LANGUAGE_STANDARD = "gnu++20";
				CLANG_ENABLE_MODULES = YES;
				CLANG_ENABLE_OBJC_ARC = YES;
				CLANG_ENABLE_OBJC_WEAK = YES;
				CLANG_WARN_BLOCK_CAPTURE_AUTORELEASING = YES;
				CLANG_WARN_BOOL_CONVERSION = YES;
				CLANG_WARN_COMMA = YES;
				CLANG_WARN_CONSTANT_CONVERSION = YES;
				CLANG_WARN_DEPRECATED_OBJC_IMPLEMENTATIONS = YES;
				CLANG_WARN_DIRECT_OBJC_ISA_USAGE = YES_ERROR;
				CLANG_WARN_DOCUMENTATION_COMMENTS = YES;
				CLANG_WARN_EMPTY_BODY = YES;
				CLANG_WARN_ENUM_CONVERSION = YES;
				CLANG_WARN_INFINITE_RECURSION = YES;
				CLANG_WARN_INT_CONVERSION = YES;
				CLANG_WARN_NON_LITERAL_NULL_CONVERSION = YES;
				CLANG_WARN_OBJC_IMPLICIT_RETAIN_SELF = YES;
				CLANG_WARN_OBJC_LITERAL_CONVERSION = YES;
				CLANG_WARN_OBJC_ROOT_CLASS = YES_ERROR;
				CLANG_WARN_QUOTED_INCLUDE_IN_FRAMEWORK_HEADER = YES;
				CLANG_WARN_RANGE_LOOP_ANALYSIS = YES;
				CLANG_WARN_STRICT_PROTOTYPES = YES;
				CLANG_WARN_SUSPICIOUS_MOVE = YES;
				CLANG_WARN_UNGUARDED_AVAILABILITY = YES_AGGRESSIVE;
				CLANG_WARN_UNREACHABLE_CODE = YES;
				CLANG_WARN__DUPLICATE_METHOD_MATCH = YES;
				COPY_PHASE_STRIP = NO;
				DEBUG_INFORMATION_FORMAT = "dwarf-with-dsym";
				ENABLE_NS_ASSERTIONS = NO;
				ENABLE_STRICT_OBJC_MSGSEND = YES;
				ENABLE_USER_SCRIPT_SANDBOXING = YES;
				GCC_C_LANGUAGE_STANDARD = gnu17;
				GCC_NO_COMMON_BLOCKS = YES;
				GCC_WARN_64_TO_32_BIT_CONVERSION = YES;
				GCC_WARN_ABOUT_RETURN_TYPE = YES_ERROR;
				GCC_WARN_UNDECLARED_SELECTOR = YES;
				GCC_WARN_UNINITIALIZED_AUTOS = YES_AGGRESSIVE;
				GCC_WARN_UNUSED_FUNCTION = YES;
				GCC_WARN_UNUSED_VARIABLE = YES;
				IPHONEOS_DEPLOYMENT_TARGET = 17.5;
				LOCALIZATION_PREFERS_STRING_CATALOGS = YES;
				MTL_ENABLE_DEBUG_INFO = NO;
				MTL_FAST_MATH = YES;
				SDKROOT = iphoneos;
				SWIFT_COMPILATION_MODE = wholemodule;
				VALIDATE_PRODUCT = YES;
			};
			name = Release;
		};
		605721D72C28F077002A102D /* Debug */ = {
			isa = XCBuildConfiguration;
			buildSettings = {
				ASSETCATALOG_COMPILER_APPICON_NAME = AppIcon;
				ASSETCATALOG_COMPILER_GLOBAL_ACCENT_COLOR_NAME = AccentColor;
				CODE_SIGN_ENTITLEMENTS = "Multiplication Test/Multiplication Test.entitlements";
				CODE_SIGN_STYLE = Automatic;
				CURRENT_PROJECT_VERSION = 1;
				DEVELOPMENT_ASSET_PATHS = "\"Multiplication Test/Preview Content\"";
				DEVELOPMENT_TEAM = D236F46CG8;
				ENABLE_PREVIEWS = YES;
				GENERATE_INFOPLIST_FILE = YES;
				INFOPLIST_KEY_CFBundleDisplayName = QuickQuiz;
				INFOPLIST_KEY_UIApplicationSceneManifest_Generation = YES;
				INFOPLIST_KEY_UIApplicationSupportsIndirectInputEvents = YES;
				INFOPLIST_KEY_UILaunchScreen_Generation = YES;
				INFOPLIST_KEY_UISupportedInterfaceOrientations_iPad = "UIInterfaceOrientationPortrait UIInterfaceOrientationPortraitUpsideDown UIInterfaceOrientationLandscapeLeft UIInterfaceOrientationLandscapeRight";
				INFOPLIST_KEY_UISupportedInterfaceOrientations_iPhone = "UIInterfaceOrientationPortrait UIInterfaceOrientationLandscapeLeft UIInterfaceOrientationLandscapeRight";
				LD_RUNPATH_SEARCH_PATHS = (
					"$(inherited)",
					"@executable_path/Frameworks",
				);
				MARKETING_VERSION = 1.0;
				PRODUCT_BUNDLE_IDENTIFIER = "Ambrose.Multiplication-Test";
				PRODUCT_NAME = "$(TARGET_NAME)";
				SWIFT_EMIT_LOC_STRINGS = YES;
				SWIFT_VERSION = 5.0;
				TARGETED_DEVICE_FAMILY = "1,2";
			};
			name = Debug;
		};
		605721D82C28F077002A102D /* Release */ = {
			isa = XCBuildConfiguration;
			buildSettings = {
				ASSETCATALOG_COMPILER_APPICON_NAME = AppIcon;
				ASSETCATALOG_COMPILER_GLOBAL_ACCENT_COLOR_NAME = AccentColor;
				CODE_SIGN_ENTITLEMENTS = "Multiplication Test/Multiplication Test.entitlements";
				CODE_SIGN_STYLE = Automatic;
				CURRENT_PROJECT_VERSION = 1;
				DEVELOPMENT_ASSET_PATHS = "\"Multiplication Test/Preview Content\"";
				DEVELOPMENT_TEAM = D236F46CG8;
				ENABLE_PREVIEWS = YES;
				GENERATE_INFOPLIST_FILE = YES;
				INFOPLIST_KEY_CFBundleDisplayName = QuickQuiz;
				INFOPLIST_KEY_UIApplicationSceneManifest_Generation = YES;
				INFOPLIST_KEY_UIApplicationSupportsIndirectInputEvents = YES;
				INFOPLIST_KEY_UILaunchScreen_Generation = YES;
				INFOPLIST_KEY_UISupportedInterfaceOrientations_iPad = "UIInterfaceOrientationPortrait UIInterfaceOrientationPortraitUpsideDown UIInterfaceOrientationLandscapeLeft UIInterfaceOrientationLandscapeRight";
				INFOPLIST_KEY_UISupportedInterfaceOrientations_iPhone = "UIInterfaceOrientationPortrait UIInterfaceOrientationLandscapeLeft UIInterfaceOrientationLandscapeRight";
				LD_RUNPATH_SEARCH_PATHS = (
					"$(inherited)",
					"@executable_path/Frameworks",
				);
				MARKETING_VERSION = 1.0;
				PRODUCT_BUNDLE_IDENTIFIER = "Ambrose.Multiplication-Test";
				PRODUCT_NAME = "$(TARGET_NAME)";
				SWIFT_EMIT_LOC_STRINGS = YES;
				SWIFT_VERSION = 5.0;
				TARGETED_DEVICE_FAMILY = "1,2";
			};
			name = Release;
		};
/* End XCBuildConfiguration section */

/* Begin XCConfigurationList section */
		605721C32C28F075002A102D /* Build configuration list for PBXProject "Multiplication Test" */ = {
			isa = XCConfigurationList;
			buildConfigurations = (
				605721D42C28F077002A102D /* Debug */,
				605721D52C28F077002A102D /* Release */,
			);
			defaultConfigurationIsVisible = 0;
			defaultConfigurationName = Release;
		};
		605721D62C28F077002A102D /* Build configuration list for PBXNativeTarget "QuickQuiz" */ = {
			isa = XCConfigurationList;
			buildConfigurations = (
				605721D72C28F077002A102D /* Debug */,
				605721D82C28F077002A102D /* Release */,
			);
			defaultConfigurationIsVisible = 0;
			defaultConfigurationName = Release;
		};
/* End XCConfigurationList section */

/* Begin XCRemoteSwiftPackageReference section */
		6063E8962CF16B0200ACB2B1 /* XCRemoteSwiftPackageReference "firebase-ios-sdk" */ = {
			isa = XCRemoteSwiftPackageReference;
			repositoryURL = "https://github.com/firebase/firebase-ios-sdk.git";
			requirement = {
				kind = upToNextMajorVersion;
				minimumVersion = 11.5.0;
			};
		};
/* End XCRemoteSwiftPackageReference section */

/* Begin XCSwiftPackageProductDependency section */
		6063E8972CF16B0200ACB2B1 /* FirebaseAnalytics */ = {
			isa = XCSwiftPackageProductDependency;
			package = 6063E8962CF16B0200ACB2B1 /* XCRemoteSwiftPackageReference "firebase-ios-sdk" */;
			productName = FirebaseAnalytics;
		};
		60BD86FC2CF16F5200084BFC /* FirebaseDatabase */ = {
			isa = XCSwiftPackageProductDependency;
			package = 6063E8962CF16B0200ACB2B1 /* XCRemoteSwiftPackageReference "firebase-ios-sdk" */;
			productName = FirebaseDatabase;
		};
		60BD872F2CF170B700084BFC /* FirebaseDatabase */ = {
			isa = XCSwiftPackageProductDependency;
			productName = FirebaseDatabase;
		};
		60BD87312CF170B700084BFC /* FirebaseFirestore */ = {
			isa = XCSwiftPackageProductDependency;
			productName = FirebaseFirestore;
		};
/* End XCSwiftPackageProductDependency section */
	};
	rootObject = 605721C02C28F075002A102D /* Project object */;
}
